
Microsoft Visual Studio Solution File, Format Version 12.00
# Visual Studio Version 16
VisualStudioVersion = 16.0.29806.167
MinimumVisualStudioVersion = 10.0.40219.1
Project("{9A19103F-16F7-4668-BE54-9A1E7A4F7556}") = "LeagueOfLegend.Website", "League Of Legend\LeagueOfLegend.Website.csproj", "{69F2E491-B0AC-415C-88B6-C37468117B69}"
EndProject
Project("{9A19103F-16F7-4668-BE54-9A1E7A4F7556}") = "LeagueOfLegend.DB", "LeagueOfLegend.DB\LeagueOfLegend.DB.csproj", "{3228A046-F5C6-4CD2-9041-FF2E5C78B4F6}"
EndProject
Global
	GlobalSection(SolutionConfigurationPlatforms) = preSolution
		Debug|Any CPU = Debug|Any CPU
		Release|Any CPU = Release|Any CPU
	EndGlobalSection
	GlobalSection(ProjectConfigurationPlatforms) = postSolution
		{69F2E491-B0AC-415C-88B6-C37468117B69}.Debug|Any CPU.ActiveCfg = Debug|Any CPU
		{69F2E491-B0AC-415C-88B6-C37468117B69}.Debug|Any CPU.Build.0 = Debug|Any CPU
		{69F2E491-B0AC-415C-88B6-C37468117B69}.Release|Any CPU.ActiveCfg = Release|Any CPU
		{69F2E491-B0AC-415C-88B6-C37468117B69}.Release|Any CPU.Build.0 = Release|Any CPU
		{3228A046-F5C6-4CD2-9041-FF2E5C78B4F6}.Debug|Any CPU.ActiveCfg = Debug|Any CPU
		{3228A046-F5C6-4CD2-9041-FF2E5C78B4F6}.Debug|Any CPU.Build.0 = Debug|Any CPU
		{3228A046-F5C6-4CD2-9041-FF2E5C78B4F6}.Release|Any CPU.ActiveCfg = Release|Any CPU
		{3228A046-F5C6-4CD2-9041-FF2E5C78B4F6}.Release|Any CPU.Build.0 = Release|Any CPU
	EndGlobalSection
	GlobalSection(SolutionProperties) = preSolution
		HideSolutionNode = FALSE
	EndGlobalSection
	GlobalSection(ExtensibilityGlobals) = postSolution
		SolutionGuid = {B530472E-F898-4D29-B9E6-3246940A2C77}
	EndGlobalSection
EndGlobal
